
Microsoft Visual Studio Solution File, Format Version 12.00
# Visual Studio Version 17
VisualStudioVersion = 17.14.36408.4 d17.14
MinimumVisualStudioVersion = 10.0.40219.1
Project("{FAE04EC0-301F-11D3-BF4B-00C04F79EFBC}") = "portfolio", "portfolio\portfolio.csproj", "{217AD275-EE22-4E72-8EAF-8B7357E7058E}"
EndProject
Global
	GlobalSection(SolutionConfigurationPlatforms) = preSolution
		Debug|Any CPU = Debug|Any CPU
		Release|Any CPU = Release|Any CPU
	EndGlobalSection
	GlobalSection(ProjectConfigurationPlatforms) = postSolution
		{217AD275-EE22-4E72-8EAF-8B7357E7058E}.Debug|Any CPU.ActiveCfg = Debug|Any CPU
		{217AD275-EE22-4E72-8EAF-8B7357E7058E}.Debug|Any CPU.Build.0 = Debug|Any CPU
		{217AD275-EE22-4E72-8EAF-8B7357E7058E}.Release|Any CPU.ActiveCfg = Release|Any CPU
		{217AD275-EE22-4E72-8EAF-8B7357E7058E}.Release|Any CPU.Build.0 = Release|Any CPU
	EndGlobalSection
	GlobalSection(SolutionProperties) = preSolution
		HideSolutionNode = FALSE
	EndGlobalSection
	GlobalSection(ExtensibilityGlobals) = postSolution
		SolutionGuid = {812D6D81-68A9-4B8F-9CF6-5F10E47B8CEF}
	EndGlobalSection
EndGlobal
